
Microsoft Visual Studio Solution File, Format Version 12.00
# Visual Studio Version 16
VisualStudioVersion = 16.0.33027.164
MinimumVisualStudioVersion = 10.0.40219.1
Project("{8BC9CEB8-8B4A-11D0-8D11-00A0C91BC942}") = "minimacy", "minimacy.vcxproj", "{8C9B576D-B579-48CD-B206-73FEBF194723}"
EndProject
Global
	GlobalSection(SolutionConfigurationPlatforms) = preSolution
		Debug|x64 = Debug|x64
		Debug|x86 = Debug|x86
		Release|x64 = Release|x64
		Release|x86 = Release|x86
	EndGlobalSection
	GlobalSection(ProjectConfigurationPlatforms) = postSolution
		{8C9B576D-B579-48CD-B206-73FEBF194723}.Debug|x64.ActiveCfg = Debug|x64
		{8C9B576D-B579-48CD-B206-73FEBF194723}.Debug|x64.Build.0 = Debug|x64
		{8C9B576D-B579-48CD-B206-73FEBF194723}.Debug|x86.ActiveCfg = Debug|Win32
		{8C9B576D-B579-48CD-B206-73FEBF194723}.Debug|x86.Build.0 = Debug|Win32
		{8C9B576D-B579-48CD-B206-73FEBF194723}.Release|x64.ActiveCfg = Release|x64
		{8C9B576D-B579-48CD-B206-73FEBF194723}.Release|x64.Build.0 = Release|x64
		{8C9B576D-B579-48CD-B206-73FEBF194723}.Release|x86.ActiveCfg = Release|Win32
		{8C9B576D-B579-48CD-B206-73FEBF194723}.Release|x86.Build.0 = Release|Win32
	EndGlobalSection
	GlobalSection(SolutionProperties) = preSolution
		HideSolutionNode = FALSE
	EndGlobalSection
	GlobalSection(ExtensibilityGlobals) = postSolution
		SolutionGuid = {A2EC8A36-87AA-43B4-87D9-7FF2A778B114}
	EndGlobalSection
EndGlobal
